
Microsoft Visual Studio Solution File, Format Version 12.00
# Visual Studio Version 17
VisualStudioVersion = 17.5.33530.505
MinimumVisualStudioVersion = 10.0.40219.1
Project("{FAE04EC0-301F-11D3-BF4B-00C04F79EFBC}") = "HomeWork-VIII-Week", "HomeWork-VIII-Week\HomeWork-VIII-Week.csproj", "{16DE1390-FECD-40D6-89B0-5FE3B8904ADE}"
EndProject
Global
	GlobalSection(SolutionConfigurationPlatforms) = preSolution
		Debug|Any CPU = Debug|Any CPU
		Release|Any CPU = Release|Any CPU
	EndGlobalSection
	GlobalSection(ProjectConfigurationPlatforms) = postSolution
		{16DE1390-FECD-40D6-89B0-5FE3B8904ADE}.Debug|Any CPU.ActiveCfg = Debug|Any CPU
		{16DE1390-FECD-40D6-89B0-5FE3B8904ADE}.Debug|Any CPU.Build.0 = Debug|Any CPU
		{16DE1390-FECD-40D6-89B0-5FE3B8904ADE}.Release|Any CPU.ActiveCfg = Release|Any CPU
		{16DE1390-FECD-40D6-89B0-5FE3B8904ADE}.Release|Any CPU.Build.0 = Release|Any CPU
	EndGlobalSection
	GlobalSection(SolutionProperties) = preSolution
		HideSolutionNode = FALSE
	EndGlobalSection
	GlobalSection(ExtensibilityGlobals) = postSolution
		SolutionGuid = {BC349ABF-1D1E-4490-9228-F29F52BBDD38}
	EndGlobalSection
EndGlobal
